
Microsoft Visual Studio Solution File, Format Version 12.00
# Visual Studio 2012
Project("{FAE04EC0-301F-11D3-BF4B-00C04F79EFBC}") = "Ricardo.Salesforce.DMP.Android", "Ricardo.Salesforce.DMP.Android\Ricardo.Salesforce.DMP.Android.csproj", "{4FA32AB4-1925-4235-8D39-32B49DA9F783}"
EndProject
Project("{FAE04EC0-301F-11D3-BF4B-00C04F79EFBC}") = "Ricardo.Salesforce.DMP.Android.Sample", "Ricardo.Salesforce.DMP.Android.Sample\Ricardo.Salesforce.DMP.Android.Sample.csproj", "{D68A5181-43E8-4774-A5EE-63068C4672C2}"
EndProject
Global
	GlobalSection(SolutionConfigurationPlatforms) = preSolution
		Debug|Any CPU = Debug|Any CPU
		Release|Any CPU = Release|Any CPU
	EndGlobalSection
	GlobalSection(ProjectConfigurationPlatforms) = postSolution
		{4FA32AB4-1925-4235-8D39-32B49DA9F783}.Debug|Any CPU.ActiveCfg = Debug|Any CPU
		{4FA32AB4-1925-4235-8D39-32B49DA9F783}.Debug|Any CPU.Build.0 = Debug|Any CPU
		{4FA32AB4-1925-4235-8D39-32B49DA9F783}.Release|Any CPU.ActiveCfg = Release|Any CPU
		{4FA32AB4-1925-4235-8D39-32B49DA9F783}.Release|Any CPU.Build.0 = Release|Any CPU
		{D68A5181-43E8-4774-A5EE-63068C4672C2}.Debug|Any CPU.ActiveCfg = Debug|Any CPU
		{D68A5181-43E8-4774-A5EE-63068C4672C2}.Debug|Any CPU.Build.0 = Debug|Any CPU
		{D68A5181-43E8-4774-A5EE-63068C4672C2}.Release|Any CPU.ActiveCfg = Release|Any CPU
		{D68A5181-43E8-4774-A5EE-63068C4672C2}.Release|Any CPU.Build.0 = Release|Any CPU
	EndGlobalSection
EndGlobal
